
Microsoft Visual Studio Solution File, Format Version 12.00
# Visual Studio Version 16
VisualStudioVersion = 16.0.29324.140
MinimumVisualStudioVersion = 10.0.40219.1
Project("{FAE04EC0-301F-11D3-BF4B-00C04F79EFBC}") = "BuricMarioComboBoxKontrola", "BuricMarioComboBoxKontrola\BuricMarioComboBoxKontrola.csproj", "{A056F1DF-695A-454E-8C22-82B85E664875}"
EndProject
Global
	GlobalSection(SolutionConfigurationPlatforms) = preSolution
		Debug|Any CPU = Debug|Any CPU
		Release|Any CPU = Release|Any CPU
	EndGlobalSection
	GlobalSection(ProjectConfigurationPlatforms) = postSolution
		{A056F1DF-695A-454E-8C22-82B85E664875}.Debug|Any CPU.ActiveCfg = Debug|Any CPU
		{A056F1DF-695A-454E-8C22-82B85E664875}.Debug|Any CPU.Build.0 = Debug|Any CPU
		{A056F1DF-695A-454E-8C22-82B85E664875}.Release|Any CPU.ActiveCfg = Release|Any CPU
		{A056F1DF-695A-454E-8C22-82B85E664875}.Release|Any CPU.Build.0 = Release|Any CPU
	EndGlobalSection
	GlobalSection(SolutionProperties) = preSolution
		HideSolutionNode = FALSE
	EndGlobalSection
	GlobalSection(ExtensibilityGlobals) = postSolution
		SolutionGuid = {89F45786-F354-492D-B71E-D915AC4F9CCA}
	EndGlobalSection
EndGlobal
