
Microsoft Visual Studio Solution File, Format Version 12.00
# Visual Studio Version 16
VisualStudioVersion = 16.0.29306.81
MinimumVisualStudioVersion = 10.0.40219.1
Project("{FAE04EC0-301F-11D3-BF4B-00C04F79EFBC}") = "RichTextBoxKontrola", "RichTextBoxKontrola\RichTextBoxKontrola.csproj", "{6BD441F2-7220-4F78-8654-F649F6C52032}"
EndProject
Global
	GlobalSection(SolutionConfigurationPlatforms) = preSolution
		Debug|Any CPU = Debug|Any CPU
		Release|Any CPU = Release|Any CPU
	EndGlobalSection
	GlobalSection(ProjectConfigurationPlatforms) = postSolution
		{6BD441F2-7220-4F78-8654-F649F6C52032}.Debug|Any CPU.ActiveCfg = Debug|Any CPU
		{6BD441F2-7220-4F78-8654-F649F6C52032}.Debug|Any CPU.Build.0 = Debug|Any CPU
		{6BD441F2-7220-4F78-8654-F649F6C52032}.Release|Any CPU.ActiveCfg = Release|Any CPU
		{6BD441F2-7220-4F78-8654-F649F6C52032}.Release|Any CPU.Build.0 = Release|Any CPU
	EndGlobalSection
	GlobalSection(SolutionProperties) = preSolution
		HideSolutionNode = FALSE
	EndGlobalSection
	GlobalSection(ExtensibilityGlobals) = postSolution
		SolutionGuid = {B5A8C9A1-E2D0-412E-A784-C7789D26611C}
	EndGlobalSection
EndGlobal
